{
  "version": 4,
  "terraform_version": "0.12.3",
  "serial": 19,
  "lineage": "f2f8d041-5f92-87d1-4ec1-a6c6b8de08ab",
  "outputs": {
    "ip": {
      "value": "13.211.125.252",
      "type": "string"
    }
  },
  "resources": [
    {
      "mode": "managed",
      "type": "aws_instance",
      "name": "devops",
      "provider": "provider.aws",
      "instances": [
        {
          "schema_version": 1,
          "attributes": {
            "ami": "ami-06705195ce845509c",
            "arn": "arn:aws:ec2:ap-southeast-2:053090937920:instance/i-010d36da7a3969381",
            "associate_public_ip_address": true,
            "availability_zone": "ap-southeast-2a",
            "cpu_core_count": 1,
            "cpu_threads_per_core": 1,
            "credit_specification": [
              {
                "cpu_credits": "standard"
              }
            ],
            "disable_api_termination": false,
            "ebs_block_device": [],
            "ebs_optimized": false,
            "ephemeral_block_device": [],
            "get_password_data": false,
            "host_id": null,
            "iam_instance_profile": "",
            "id": "i-010d36da7a3969381",
            "instance_initiated_shutdown_behavior": null,
            "instance_state": "running",
            "instance_type": "t2.micro",
            "ipv6_address_count": 0,
            "ipv6_addresses": [],
            "key_name": "id_rsa",
            "monitoring": false,
            "network_interface": [],
            "network_interface_id": null,
            "password_data": "",
            "placement_group": "",
            "primary_network_interface_id": "eni-00397c1670c1b39b3",
            "private_dns": "ip-172-31-44-34.ap-southeast-2.compute.internal",
            "private_ip": "172.31.44.34",
            "public_dns": "ec2-13-211-125-252.ap-southeast-2.compute.amazonaws.com",
            "public_ip": "13.211.125.252",
            "root_block_device": [
              {
                "delete_on_termination": true,
                "iops": 100,
                "volume_id": "vol-09ce4dbdbdfc445cc",
                "volume_size": 8,
                "volume_type": "gp2"
              }
            ],
            "security_groups": [
              "default"
            ],
            "source_dest_check": true,
            "subnet_id": "subnet-1399e35a",
            "tags": {},
            "tenancy": "default",
            "timeouts": null,
            "user_data": null,
            "user_data_base64": null,
            "volume_tags": {},
            "vpc_security_group_ids": [
              "sg-cd0b5bb4"
            ]
          },
          "private": "eyJlMmJmYjczMC1lY2FhLTExZTYtOGY4OC0zNDM2M2JjN2M0YzAiOnsiY3JlYXRlIjo2MDAwMDAwMDAwMDAsImRlbGV0ZSI6MTIwMDAwMDAwMDAwMCwidXBkYXRlIjo2MDAwMDAwMDAwMDB9LCJzY2hlbWFfdmVyc2lvbiI6IjEifQ=="
        }
      ]
    },
    {
      "mode": "managed",
      "type": "null_resource",
      "name": "Provision",
      "provider": "provider.null",
      "instances": [
        {
          "schema_version": 0,
          "attributes": {
            "id": "4192332363337911892",
            "triggers": null
          },
          "private": "bnVsbA==",
          "depends_on": [
            "aws_instance.devops"
          ]
        }
      ]
    }
  ]
}
